
Microsoft Visual Studio Solution File, Format Version 12.00
# Visual Studio 15
VisualStudioVersion = 15.0.27703.2026
MinimumVisualStudioVersion = 10.0.40219.1
Project("{FAE04EC0-301F-11D3-BF4B-00C04F79EFBC}") = "BMICalculator", "BMICalculator\BMICalculator.csproj", "{633DD221-BE7B-4F24-9401-B64D9BA1B3FC}"
EndProject
Global
	GlobalSection(SolutionConfigurationPlatforms) = preSolution
		Debug|Any CPU = Debug|Any CPU
		Release|Any CPU = Release|Any CPU
	EndGlobalSection
	GlobalSection(ProjectConfigurationPlatforms) = postSolution
		{633DD221-BE7B-4F24-9401-B64D9BA1B3FC}.Debug|Any CPU.ActiveCfg = Debug|Any CPU
		{633DD221-BE7B-4F24-9401-B64D9BA1B3FC}.Debug|Any CPU.Build.0 = Debug|Any CPU
		{633DD221-BE7B-4F24-9401-B64D9BA1B3FC}.Release|Any CPU.ActiveCfg = Release|Any CPU
		{633DD221-BE7B-4F24-9401-B64D9BA1B3FC}.Release|Any CPU.Build.0 = Release|Any CPU
	EndGlobalSection
	GlobalSection(SolutionProperties) = preSolution
		HideSolutionNode = FALSE
	EndGlobalSection
	GlobalSection(ExtensibilityGlobals) = postSolution
		SolutionGuid = {787660F9-8ABA-4148-8CAA-115D4425724E}
	EndGlobalSection
EndGlobal
